// !$*UTF8*$!
{
	archiveVersion = 1;
	classes = {
	};
	objectVersion = 50;
	objects = {

/* Begin PBXBuildFile section */
		C0292E0622645B350077CFA3 /* AppDelegate.swift in Sources */ = {isa = PBXBuildFile; fileRef = C0292E0522645B350077CFA3 /* AppDelegate.swift */; };
		C0292E0822645B350077CFA3 /* ViewController.swift in Sources */ = {isa = PBXBuildFile; fileRef = C0292E0722645B350077CFA3 /* ViewController.swift */; };
		C0292E0B22645B350077CFA3 /* Main.storyboard in Resources */ = {isa = PBXBuildFile; fileRef = C0292E0922645B350077CFA3 /* Main.storyboard */; };
		C0292E0D22645B380077CFA3 /* Assets.xcassets in Resources */ = {isa = PBXBuildFile; fileRef = C0292E0C22645B380077CFA3 /* Assets.xcassets */; };
		C0292E1022645B380077CFA3 /* LaunchScreen.storyboard in Resources */ = {isa = PBXBuildFile; fileRef = C0292E0E22645B380077CFA3 /* LaunchScreen.storyboard */; };
		C0292E1822645B590077CFA3 /* RestManager.swift in Sources */ = {isa = PBXBuildFile; fileRef = C0292E1722645B590077CFA3 /* RestManager.swift */; };
		C0292E1B2264D85F0077CFA3 /* SampleStructures.swift in Sources */ = {isa = PBXBuildFile; fileRef = C0292E1A2264D85F0077CFA3 /* SampleStructures.swift */; };
/* End PBXBuildFile section */

/* Begin PBXFileReference section */
		C0292E0222645B350077CFA3 /* RestManager.app */ = {isa = PBXFileReference; explicitFileType = wrapper.application; includeInIndex = 0; path = RestManager.app; sourceTree = BUILT_PRODUCTS_DIR; };
		C0292E0522645B350077CFA3 /* AppDelegate.swift */ = {isa = PBXFileReference; lastKnownFileType = sourcecode.swift; path = AppDelegate.swift; sourceTree = "<group>"; };
		C0292E0722645B350077CFA3 /* ViewController.swift */ = {isa = PBXFileReference; lastKnownFileType = sourcecode.swift; path = ViewController.swift; sourceTree = "<group>"; };
		C0292E0A22645B350077CFA3 /* Base */ = {isa = PBXFileReference; lastKnownFileType = file.storyboard; name = Base; path = Base.lproj/Main.storyboard; sourceTree = "<group>"; };
		C0292E0C22645B380077CFA3 /* Assets.xcassets */ = {isa = PBXFileReference; lastKnownFileType = folder.assetcatalog; path = Assets.xcassets; sourceTree = "<group>"; };
		C0292E0F22645B380077CFA3 /* Base */ = {isa = PBXFileReference; lastKnownFileType = file.storyboard; name = Base; path = Base.lproj/LaunchScreen.storyboard; sourceTree = "<group>"; };
		C0292E1122645B380077CFA3 /* Info.plist */ = {isa = PBXFileReference; lastKnownFileType = text.plist.xml; path = Info.plist; sourceTree = "<group>"; };
		C0292E1722645B590077CFA3 /* RestManager.swift */ = {isa = PBXFileReference; lastKnownFileType = sourcecode.swift; path = RestManager.swift; sourceTree = "<group>"; };
		C0292E1A2264D85F0077CFA3 /* SampleStructures.swift */ = {isa = PBXFileReference; lastKnownFileType = sourcecode.swift; path = SampleStructures.swift; sourceTree = "<group>"; };
/* End PBXFileReference section */

/* Begin PBXFrameworksBuildPhase section */
		C0292DFF22645B350077CFA3 /* Frameworks */ = {
			isa = PBXFrameworksBuildPhase;
			buildActionMask = 2147483647;
			files = (
			);
			runOnlyForDeploymentPostprocessing = 0;
		};
/* End PBXFrameworksBuildPhase section */

/* Begin PBXGroup section */
		C0292DF922645B350077CFA3 = {
			isa = PBXGroup;
			children = (
				C0292E0422645B350077CFA3 /* RestManager */,
				C0292E0322645B350077CFA3 /* Products */,
			);
			sourceTree = "<group>";
		};
		C0292E0322645B350077CFA3 /* Products */ = {
			isa = PBXGroup;
			children = (
				C0292E0222645B350077CFA3 /* RestManager.app */,
			);
			name = Products;
			sourceTree = "<group>";
		};
		C0292E0422645B350077CFA3 /* RestManager */ = {
			isa = PBXGroup;
			children = (
				C0292E1722645B590077CFA3 /* RestManager.swift */,
				C0292E0522645B350077CFA3 /* AppDelegate.swift */,
				C0292E0722645B350077CFA3 /* ViewController.swift */,
				C0292E1A2264D85F0077CFA3 /* SampleStructures.swift */,
				C0292E0922645B350077CFA3 /* Main.storyboard */,
				C0292E0C22645B380077CFA3 /* Assets.xcassets */,
				C0292E0E22645B380077CFA3 /* LaunchScreen.storyboard */,
				C0292E1122645B380077CFA3 /* Info.plist */,
			);
			path = RestManager;
			sourceTree = "<group>";
		};
/* End PBXGroup section */

/* Begin PBXNativeTarget section */
		C0292E0122645B350077CFA3 /* RestManager */ = {
			isa = PBXNativeTarget;
			buildConfigurationList = C0292E1422645B380077CFA3 /* Build configuration list for PBXNativeTarget "RestManager" */;
			buildPhases = (
				C0292DFE22645B350077CFA3 /* Sources */,
				C0292DFF22645B350077CFA3 /* Frameworks */,
				C0292E0022645B350077CFA3 /* Resources */,
			);
			buildRules = (
			);
			dependencies = (
			);
			name = RestManager;
			productName = RestManager;
			productReference = C0292E0222645B350077CFA3 /* RestManager.app */;
			productType = "com.apple.product-type.application";
		};
/* End PBXNativeTarget section */

/* Begin PBXProject section */
		C0292DFA22645B350077CFA3 /* Project object */ = {
			isa = PBXProject;
			attributes = {
				LastSwiftUpdateCheck = 1010;
				LastUpgradeCheck = 1010;
				ORGANIZATIONNAME = Appcoda;
				TargetAttributes = {
					C0292E0122645B350077CFA3 = {
						CreatedOnToolsVersion = 10.1;
					};
				};
			};
			buildConfigurationList = C0292DFD22645B350077CFA3 /* Build configuration list for PBXProject "RestManager" */;
			compatibilityVersion = "Xcode 9.3";
			developmentRegion = en;
			hasScannedForEncodings = 0;
			knownRegions = (
				en,
				Base,
			);
			mainGroup = C0292DF922645B350077CFA3;
			productRefGroup = C0292E0322645B350077CFA3 /* Products */;
			projectDirPath = "";
			projectRoot = "";
			targets = (
				C0292E0122645B350077CFA3 /* RestManager */,
			);
		};
/* End PBXProject section */

/* Begin PBXResourcesBuildPhase section */
		C0292E0022645B350077CFA3 /* Resources */ = {
			isa = PBXResourcesBuildPhase;
			buildActionMask = 2147483647;
			files = (
				C0292E1022645B380077CFA3 /* LaunchScreen.storyboard in Resources */,
				C0292E0D22645B380077CFA3 /* Assets.xcassets in Resources */,
				C0292E0B22645B350077CFA3 /* Main.storyboard in Resources */,
			);
			runOnlyForDeploymentPostprocessing = 0;
		};
/* End PBXResourcesBuildPhase section */

/* Begin PBXSourcesBuildPhase section */
		C0292DFE22645B350077CFA3 /* Sources */ = {
			isa = PBXSourcesBuildPhase;
			buildActionMask = 2147483647;
			files = (
				C0292E1822645B590077CFA3 /* RestManager.swift in Sources */,
				C0292E0822645B350077CFA3 /* ViewController.swift in Sources */,
				C0292E0622645B350077CFA3 /* AppDelegate.swift in Sources */,
				C0292E1B2264D85F0077CFA3 /* SampleStructures.swift in Sources */,
			);
			runOnlyForDeploymentPostprocessing = 0;
		};
/* End PBXSourcesBuildPhase section */

/* Begin PBXVariantGroup section */
		C0292E0922645B350077CFA3 /* Main.storyboard */ = {
			isa = PBXVariantGroup;
			children = (
				C0292E0A22645B350077CFA3 /* Base */,
			);
			name = Main.storyboard;
			sourceTree = "<group>";
		};
		C0292E0E22645B380077CFA3 /* LaunchScreen.storyboard */ = {
			isa = PBXVariantGroup;
			children = (
				C0292E0F22645B380077CFA3 /* Base */,
			);
			name = LaunchScreen.storyboard;
			sourceTree = "<group>";
		};
/* End PBXVariantGroup section */

/* Begin XCBuildConfiguration section */
		C0292E1222645B380077CFA3 /* Debug */ = {
			isa = XCBuildConfiguration;
			buildSettings = {
				ALWAYS_SEARCH_USER_PATHS = NO;
				CLANG_ANALYZER_NONNULL = YES;
				CLANG_ANALYZER_NUMBER_OBJECT_CONVERSION = YES_AGGRESSIVE;
				CLANG_CXX_LANGUAGE_STANDARD = "gnu++14";
				CLANG_CXX_LIBRARY = "libc++";
				CLANG_ENABLE_MODULES = YES;
				CLANG_ENABLE_OBJC_ARC = YES;
				CLANG_ENABLE_OBJC_WEAK = YES;
				CLANG_WARN_BLOCK_CAPTURE_AUTORELEASING = YES;
				CLANG_WARN_BOOL_CONVERSION = YES;
				CLANG_WARN_COMMA = YES;
				CLANG_WARN_CONSTANT_CONVERSION = YES;
				CLANG_WARN_DEPRECATED_OBJC_IMPLEMENTATIONS = YES;
				CLANG_WARN_DIRECT_OBJC_ISA_USAGE = YES_ERROR;
				CLANG_WARN_DOCUMENTATION_COMMENTS = YES;
				CLANG_WARN_EMPTY_BODY = YES;
				CLANG_WARN_ENUM_CONVERSION = YES;
				CLANG_WARN_INFINITE_RECURSION = YES;
				CLANG_WARN_INT_CONVERSION = YES;
				CLANG_WARN_NON_LITERAL_NULL_CONVERSION = YES;
				CLANG_WARN_OBJC_IMPLICIT_RETAIN_SELF = YES;
				CLANG_WARN_OBJC_LITERAL_CONVERSION = YES;
				CLANG_WARN_OBJC_ROOT_CLASS = YES_ERROR;
				CLANG_WARN_RANGE_LOOP_ANALYSIS = YES;
				CLANG_WARN_STRICT_PROTOTYPES = YES;
				CLANG_WARN_SUSPICIOUS_MOVE = YES;
				CLANG_WARN_UNGUARDED_AVAILABILITY = YES_AGGRESSIVE;
				CLANG_WARN_UNREACHABLE_CODE = YES;
				CLANG_WARN__DUPLICATE_METHOD_MATCH = YES;
				CODE_SIGN_IDENTITY = "iPhone Developer";
				COPY_PHASE_STRIP = NO;
				DEBUG_INFORMATION_FORMAT = dwarf;
				ENABLE_STRICT_OBJC_MSGSEND = YES;
				ENABLE_TESTABILITY = YES;
				GCC_C_LANGUAGE_STANDARD = gnu11;
				GCC_DYNAMIC_NO_PIC = NO;
				GCC_NO_COMMON_BLOCKS = YES;
				GCC_OPTIMIZATION_LEVEL = 0;
				GCC_PREPROCESSOR_DEFINITIONS = (
					"DEBUG=1",
					"$(inherited)",
				);
				GCC_WARN_64_TO_32_BIT_CONVERSION = YES;
				GCC_WARN_ABOUT_RETURN_TYPE = YES_ERROR;
				GCC_WARN_UNDECLARED_SELECTOR = YES;
				GCC_WARN_UNINITIALIZED_AUTOS = YES_AGGRESSIVE;
				GCC_WARN_UNUSED_FUNCTION = YES;
				GCC_WARN_UNUSED_VARIABLE = YES;
				IPHONEOS_DEPLOYMENT_TARGET = 12.1;
				MTL_ENABLE_DEBUG_INFO = INCLUDE_SOURCE;
				MTL_FAST_MATH = YES;
				ONLY_ACTIVE_ARCH = YES;
				SDKROOT = iphoneos;
				SWIFT_ACTIVE_COMPILATION_CONDITIONS = DEBUG;
				SWIFT_OPTIMIZATION_LEVEL = "-Onone";
			};
			name = Debug;
		};
		C0292E1322645B380077CFA3 /* Release */ = {
			isa = XCBuildConfiguration;
			buildSettings = {
				ALWAYS_SEARCH_USER_PATHS = NO;
				CLANG_ANALYZER_NONNULL = YES;
				CLANG_ANALYZER_NUMBER_OBJECT_CONVERSION = YES_AGGRESSIVE;
				CLANG_CXX_LANGUAGE_STANDARD = "gnu++14";
				CLANG_CXX_LIBRARY = "libc++";
				CLANG_ENABLE_MODULES = YES;
				CLANG_ENABLE_OBJC_ARC = YES;
				CLANG_ENABLE_OBJC_WEAK = YES;
				CLANG_WARN_BLOCK_CAPTURE_AUTORELEASING = YES;
				CLANG_WARN_BOOL_CONVERSION = YES;
				CLANG_WARN_COMMA = YES;
				CLANG_WARN_CONSTANT_CONVERSION = YES;
				CLANG_WARN_DEPRECATED_OBJC_IMPLEMENTATIONS = YES;
				CLANG_WARN_DIRECT_OBJC_ISA_USAGE = YES_ERROR;
				CLANG_WARN_DOCUMENTATION_COMMENTS = YES;
				CLANG_WARN_EMPTY_BODY = YES;
				CLANG_WARN_ENUM_CONVERSION = YES;
				CLANG_WARN_INFINITE_RECURSION = YES;
				CLANG_WARN_INT_CONVERSION = YES;
				CLANG_WARN_NON_LITERAL_NULL_CONVERSION = YES;
				CLANG_WARN_OBJC_IMPLICIT_RETAIN_SELF = YES;
				CLANG_WARN_OBJC_LITERAL_CONVERSION = YES;
				CLANG_WARN_OBJC_ROOT_CLASS = YES_ERROR;
				CLANG_WARN_RANGE_LOOP_ANALYSIS = YES;
				CLANG_WARN_STRICT_PROTOTYPES = YES;
				CLANG_WARN_SUSPICIOUS_MOVE = YES;
				CLANG_WARN_UNGUARDED_AVAILABILITY = YES_AGGRESSIVE;
				CLANG_WARN_UNREACHABLE_CODE = YES;
				CLANG_WARN__DUPLICATE_METHOD_MATCH = YES;
				CODE_SIGN_IDENTITY = "iPhone Developer";
				COPY_PHASE_STRIP = NO;
				DEBUG_INFORMATION_FORMAT = "dwarf-with-dsym";
				ENABLE_NS_ASSERTIONS = NO;
				ENABLE_STRICT_OBJC_MSGSEND = YES;
				GCC_C_LANGUAGE_STANDARD = gnu11;
				GCC_NO_COMMON_BLOCKS = YES;
				GCC_WARN_64_TO_32_BIT_CONVERSION = YES;
				GCC_WARN_ABOUT_RETURN_TYPE = YES_ERROR;
				GCC_WARN_UNDECLARED_SELECTOR = YES;
				GCC_WARN_UNINITIALIZED_AUTOS = YES_AGGRESSIVE;
				GCC_WARN_UNUSED_FUNCTION = YES;
				GCC_WARN_UNUSED_VARIABLE = YES;
				IPHONEOS_DEPLOYMENT_TARGET = 12.1;
				MTL_ENABLE_DEBUG_INFO = NO;
				MTL_FAST_MATH = YES;
				SDKROOT = iphoneos;
				SWIFT_COMPILATION_MODE = wholemodule;
				SWIFT_OPTIMIZATION_LEVEL = "-O";
				VALIDATE_PRODUCT = YES;
			};
			name = Release;
		};
		C0292E1522645B380077CFA3 /* Debug */ = {
			isa = XCBuildConfiguration;
			buildSettings = {
				ASSETCATALOG_COMPILER_APPICON_NAME = AppIcon;
				CODE_SIGN_STYLE = Automatic;
				DEVELOPMENT_TEAM = 9BTCAVN99V;
				INFOPLIST_FILE = RestManager/Info.plist;
				LD_RUNPATH_SEARCH_PATHS = (
					"$(inherited)",
					"@executable_path/Frameworks",
				);
				PRODUCT_BUNDLE_IDENTIFIER = com.appcoda.RestManager;
				PRODUCT_NAME = "$(TARGET_NAME)";
				SWIFT_VERSION = 4.2;
				TARGETED_DEVICE_FAMILY = "1,2";
			};
			name = Debug;
		};
		C0292E1622645B380077CFA3 /* Release */ = {
			isa = XCBuildConfiguration;
			buildSettings = {
				ASSETCATALOG_COMPILER_APPICON_NAME = AppIcon;
				CODE_SIGN_STYLE = Automatic;
				DEVELOPMENT_TEAM = 9BTCAVN99V;
				INFOPLIST_FILE = RestManager/Info.plist;
				LD_RUNPATH_SEARCH_PATHS = (
					"$(inherited)",
					"@executable_path/Frameworks",
				);
				PRODUCT_BUNDLE_IDENTIFIER = com.appcoda.RestManager;
				PRODUCT_NAME = "$(TARGET_NAME)";
				SWIFT_VERSION = 4.2;
				TARGETED_DEVICE_FAMILY = "1,2";
			};
			name = Release;
		};
/* End XCBuildConfiguration section */

/* Begin XCConfigurationList section */
		C0292DFD22645B350077CFA3 /* Build configuration list for PBXProject "RestManager" */ = {
			isa = XCConfigurationList;
			buildConfigurations = (
				C0292E1222645B380077CFA3 /* Debug */,
				C0292E1322645B380077CFA3 /* Release */,
			);
			defaultConfigurationIsVisible = 0;
			defaultConfigurationName = Release;
		};
		C0292E1422645B380077CFA3 /* Build configuration list for PBXNativeTarget "RestManager" */ = {
			isa = XCConfigurationList;
			buildConfigurations = (
				C0292E1522645B380077CFA3 /* Debug */,
				C0292E1622645B380077CFA3 /* Release */,
			);
			defaultConfigurationIsVisible = 0;
			defaultConfigurationName = Release;
		};
/* End XCConfigurationList section */
	};
	rootObject = C0292DFA22645B350077CFA3 /* Project object */;
}
